{
  "name": "@altaroom/highland-batch-by",
  "version": "0.0.1",
  "lockfileVersion": 3,
  "requires": true,
  "packages": {
    "": {
      "name": "@altaroom/highland-batch-by",
      "version": "0.0.1",
      "dependencies": {
        "highland": "^2.13.5"
      },
      "devDependencies": {
        "@types/highland": "^2.12.16"
      }
    },
    "node_modules/@types/highland": {
      "version": "2.12.16",
      "resolved": "https://registry.npmjs.org/@types/highland/-/highland-2.12.16.tgz",
      "integrity": "sha512-XgYGuS5qDlV95AgFvbRNO6/ps4LSoCUHbUPUnl3abL5XsX+yCJh3iPT5CoDtMI1MOgDUm4sXPGBiUp61vglZDA==",
      "dev": true,
      "dependencies": {
        "@types/node": "*"
      }
    },
    "node_modules/@types/node": {
      "version": "20.8.6",
      "resolved": "https://registry.npmjs.org/@types/node/-/node-20.8.6.tgz",
      "integrity": "sha512-eWO4K2Ji70QzKUqRy6oyJWUeB7+g2cRagT3T/nxYibYcT4y2BDL8lqolRXjTHmkZCdJfIPaY73KbJAZmcryxTQ==",
      "dev": true,
      "dependencies": {
        "undici-types": "~5.25.1"
      }
    },
    "node_modules/highland": {
      "version": "2.13.5",
      "resolved": "https://registry.npmjs.org/highland/-/highland-2.13.5.tgz",
      "integrity": "sha512-dn2flPapIIAa4BtkB2ahjshg8iSJtrJtdhEb9/oiOrS5HMQTR/GuhFpqJ+11YBdtnl3AwWKvbZd1Uxr8uAmA7A==",
      "dependencies": {
        "util-deprecate": "^1.0.2"
      }
    },
    "node_modules/undici-types": {
      "version": "5.25.3",
      "resolved": "https://registry.npmjs.org/undici-types/-/undici-types-5.25.3.tgz",
      "integrity": "sha512-Ga1jfYwRn7+cP9v8auvEXN1rX3sWqlayd4HP7OKk4mZWylEmu3KzXDUGrQUN6Ol7qo1gPvB2e5gX6udnyEPgdA==",
      "dev": true
    },
    "node_modules/util-deprecate": {
      "version": "1.0.2",
      "resolved": "https://registry.npmjs.org/util-deprecate/-/util-deprecate-1.0.2.tgz",
      "integrity": "sha512-EPD5q1uXyFxJpCrLnCc1nHnq3gOa6DZBocAIiI2TaSCA7VCJ1UJDMagCzIkXNsUYfD1daK//LTEQ8xiIbrHtcw=="
    }
  }
}
